PODS:
  - HEREMapsStarter (3.7.0)

DEPENDENCIES:
  - HEREMapsStarter (>= 3.7)

SPEC REPOS:
  https://github.com/CocoaPods/Specs.git:
    - HEREMapsStarter

SPEC CHECKSUMS:
  HEREMapsStarter: c965bb891705b2407d7b140dfbfc2fc4c72acea3

PODFILE CHECKSUM: de3e4aaccf5769c60f0f6a8d7d9efc04d85bfc81

COCOAPODS: 1.5.0
